
Microsoft Visual Studio Solution File, Format Version 12.00
# Visual Studio Version 16
VisualStudioVersion = 16.0.31005.135
MinimumVisualStudioVersion = 10.0.40219.1
Project("{FAE04EC0-301F-11D3-BF4B-00C04F79EFBC}") = "Myapplication", "Myapplication\Myapplication.csproj", "{78B757E9-CE47-48F5-B4C1-C72C4D01A0FD}"
EndProject
Global
	GlobalSection(SolutionConfigurationPlatforms) = preSolution
		Debug|Any CPU = Debug|Any CPU
		Release|Any CPU = Release|Any CPU
	EndGlobalSection
	GlobalSection(ProjectConfigurationPlatforms) = postSolution
		{78B757E9-CE47-48F5-B4C1-C72C4D01A0FD}.Debug|Any CPU.ActiveCfg = Debug|Any CPU
		{78B757E9-CE47-48F5-B4C1-C72C4D01A0FD}.Debug|Any CPU.Build.0 = Debug|Any CPU
		{78B757E9-CE47-48F5-B4C1-C72C4D01A0FD}.Release|Any CPU.ActiveCfg = Release|Any CPU
		{78B757E9-CE47-48F5-B4C1-C72C4D01A0FD}.Release|Any CPU.Build.0 = Release|Any CPU
	EndGlobalSection
	GlobalSection(SolutionProperties) = preSolution
		HideSolutionNode = FALSE
	EndGlobalSection
	GlobalSection(ExtensibilityGlobals) = postSolution
		SolutionGuid = {4CC1D80C-DD70-4458-AB49-AB054F852D71}
	EndGlobalSection
EndGlobal
